
Microsoft Visual Studio Solution File, Format Version 12.00
# Visual Studio Version 16
VisualStudioVersion = 16.0.30320.27
MinimumVisualStudioVersion = 10.0.40219.1
Project("{FAE04EC0-301F-11D3-BF4B-00C04F79EFBC}") = "WindowsFormsApp3", "WindowsFormsApp3\WindowsFormsApp3.csproj", "{8CF32A94-821C-4E14-A9B3-68F9D0C6AC3A}"
EndProject
Global
	GlobalSection(SolutionConfigurationPlatforms) = preSolution
		Debug|Any CPU = Debug|Any CPU
		Release|Any CPU = Release|Any CPU
	EndGlobalSection
	GlobalSection(ProjectConfigurationPlatforms) = postSolution
		{8CF32A94-821C-4E14-A9B3-68F9D0C6AC3A}.Debug|Any CPU.ActiveCfg = Debug|Any CPU
		{8CF32A94-821C-4E14-A9B3-68F9D0C6AC3A}.Debug|Any CPU.Build.0 = Debug|Any CPU
		{8CF32A94-821C-4E14-A9B3-68F9D0C6AC3A}.Release|Any CPU.ActiveCfg = Release|Any CPU
		{8CF32A94-821C-4E14-A9B3-68F9D0C6AC3A}.Release|Any CPU.Build.0 = Release|Any CPU
	EndGlobalSection
	GlobalSection(SolutionProperties) = preSolution
		HideSolutionNode = FALSE
	EndGlobalSection
	GlobalSection(ExtensibilityGlobals) = postSolution
		SolutionGuid = {2CA6D31E-F875-4EBA-93D1-722D46FB7FCD}
	EndGlobalSection
EndGlobal
